
Microsoft Visual Studio Solution File, Format Version 12.00
# Visual Studio Version 17
VisualStudioVersion = 17.13.35931.197 d17.13
MinimumVisualStudioVersion = 10.0.40219.1
Project("{FAE04EC0-301F-11D3-BF4B-00C04F79EFBC}") = "Quipex.Api", "Quipex.Api.csproj", "{981379D1-A2AB-41CF-AA75-24646AFBD8B0}"
EndProject
Global
	GlobalSection(SolutionConfigurationPlatforms) = preSolution
		Debug|Any CPU = Debug|Any CPU
		Release|Any CPU = Release|Any CPU
	EndGlobalSection
	GlobalSection(ProjectConfigurationPlatforms) = postSolution
		{981379D1-A2AB-41CF-AA75-24646AFBD8B0}.Debug|Any CPU.ActiveCfg = Debug|Any CPU
		{981379D1-A2AB-41CF-AA75-24646AFBD8B0}.Debug|Any CPU.Build.0 = Debug|Any CPU
		{981379D1-A2AB-41CF-AA75-24646AFBD8B0}.Release|Any CPU.ActiveCfg = Release|Any CPU
		{981379D1-A2AB-41CF-AA75-24646AFBD8B0}.Release|Any CPU.Build.0 = Release|Any CPU
	EndGlobalSection
	GlobalSection(SolutionProperties) = preSolution
		HideSolutionNode = FALSE
	EndGlobalSection
	GlobalSection(ExtensibilityGlobals) = postSolution
		SolutionGuid = {F74C16D7-43EE-440C-8B7F-2ABF8E93BAC9}
	EndGlobalSection
EndGlobal
